// !$*UTF8*$!
{
	archiveVersion = 1;
	classes = {
	};
	objectVersion = 50;
	objects = {

/* Begin PBXBuildFile section */
		21A7EB8E21240219004A6CB7 /* DetailViewController.m in Sources */ = {isa = PBXBuildFile; fileRef = 21A7EB8D21240219004A6CB7 /* DetailViewController.m */; };
		21A7EBA521240D0C004A6CB7 /* MGJDetailModule.m in Sources */ = {isa = PBXBuildFile; fileRef = 21A7EB9D21240D0C004A6CB7 /* MGJDetailModule.m */; };
		21A7EBA621240D0C004A6CB7 /* CTMediator+Home.m in Sources */ = {isa = PBXBuildFile; fileRef = 21A7EBA121240D0C004A6CB7 /* CTMediator+Home.m */; };
		21A7EBA721240D0C004A6CB7 /* Target_HomeAction.m in Sources */ = {isa = PBXBuildFile; fileRef = 21A7EBA421240D0C004A6CB7 /* Target_HomeAction.m */; };
		21FB737221212E6C0056CB40 /* AppDelegate.m in Sources */ = {isa = PBXBuildFile; fileRef = 21FB737121212E6C0056CB40 /* AppDelegate.m */; };
		21FB737521212E6C0056CB40 /* ViewController.m in Sources */ = {isa = PBXBuildFile; fileRef = 21FB737421212E6C0056CB40 /* ViewController.m */; };
		21FB737821212E6C0056CB40 /* Main.storyboard in Resources */ = {isa = PBXBuildFile; fileRef = 21FB737621212E6C0056CB40 /* Main.storyboard */; };
		21FB737A21212E6D0056CB40 /* Assets.xcassets in Resources */ = {isa = PBXBuildFile; fileRef = 21FB737921212E6D0056CB40 /* Assets.xcassets */; };
		21FB737D21212E6D0056CB40 /* LaunchScreen.storyboard in Resources */ = {isa = PBXBuildFile; fileRef = 21FB737B21212E6D0056CB40 /* LaunchScreen.storyboard */; };
		21FB738021212E6D0056CB40 /* main.m in Sources */ = {isa = PBXBuildFile; fileRef = 21FB737F21212E6D0056CB40 /* main.m */; };
		36BE3E3C42434F0EA074DD4C /* libPods-test.a in Frameworks */ = {isa = PBXBuildFile; fileRef = 2B1719AE4CABAAA6CBB3BD3F /* libPods-test.a */; };
/* End PBXBuildFile section */

/* Begin PBXFileReference section */
		21A7EB8C21240219004A6CB7 /* DetailViewController.h */ = {isa = PBXFileReference; lastKnownFileType = sourcecode.c.h; path = DetailViewController.h; sourceTree = "<group>"; };
		21A7EB8D21240219004A6CB7 /* DetailViewController.m */ = {isa = PBXFileReference; lastKnownFileType = sourcecode.c.objc; path = DetailViewController.m; sourceTree = "<group>"; };
		21A7EB9C21240D0C004A6CB7 /* MGJDetailModule.h */ = {isa = PBXFileReference; fileEncoding = 4; lastKnownFileType = sourcecode.c.h; path = MGJDetailModule.h; sourceTree = "<group>"; };
		21A7EB9D21240D0C004A6CB7 /* MGJDetailModule.m */ = {isa = PBXFileReference; fileEncoding = 4; lastKnownFileType = sourcecode.c.objc; path = MGJDetailModule.m; sourceTree = "<group>"; };
		21A7EBA021240D0C004A6CB7 /* CTMediator+Home.h */ = {isa = PBXFileReference; fileEncoding = 4; lastKnownFileType = sourcecode.c.h; path = "CTMediator+Home.h"; sourceTree = "<group>"; };
		21A7EBA121240D0C004A6CB7 /* CTMediator+Home.m */ = {isa = PBXFileReference; fileEncoding = 4; lastKnownFileType = sourcecode.c.objc; path = "CTMediator+Home.m"; sourceTree = "<group>"; };
		21A7EBA321240D0C004A6CB7 /* Target_HomeAction.h */ = {isa = PBXFileReference; fileEncoding = 4; lastKnownFileType = sourcecode.c.h; path = Target_HomeAction.h; sourceTree = "<group>"; };
		21A7EBA421240D0C004A6CB7 /* Target_HomeAction.m */ = {isa = PBXFileReference; fileEncoding = 4; lastKnownFileType = sourcecode.c.objc; path = Target_HomeAction.m; sourceTree = "<group>"; };
		21FB736D21212E6C0056CB40 /* test.app */ = {isa = PBXFileReference; explicitFileType = wrapper.application; includeInIndex = 0; path = test.app; sourceTree = BUILT_PRODUCTS_DIR; };
		21FB737021212E6C0056CB40 /* AppDelegate.h */ = {isa = PBXFileReference; lastKnownFileType = sourcecode.c.h; path = AppDelegate.h; sourceTree = "<group>"; };
		21FB737121212E6C0056CB40 /* AppDelegate.m */ = {isa = PBXFileReference; lastKnownFileType = sourcecode.c.objc; path = AppDelegate.m; sourceTree = "<group>"; };
		21FB737321212E6C0056CB40 /* ViewController.h */ = {isa = PBXFileReference; lastKnownFileType = sourcecode.c.h; path = ViewController.h; sourceTree = "<group>"; };
		21FB737421212E6C0056CB40 /* ViewController.m */ = {isa = PBXFileReference; lastKnownFileType = sourcecode.c.objc; path = ViewController.m; sourceTree = "<group>"; };
		21FB737721212E6C0056CB40 /* Base */ = {isa = PBXFileReference; lastKnownFileType = file.storyboard; name = Base; path = Base.lproj/Main.storyboard; sourceTree = "<group>"; };
		21FB737921212E6D0056CB40 /* Assets.xcassets */ = {isa = PBXFileReference; lastKnownFileType = folder.assetcatalog; path = Assets.xcassets; sourceTree = "<group>"; };
		21FB737C21212E6D0056CB40 /* Base */ = {isa = PBXFileReference; lastKnownFileType = file.storyboard; name = Base; path = Base.lproj/LaunchScreen.storyboard; sourceTree = "<group>"; };
		21FB737E21212E6D0056CB40 /* Info.plist */ = {isa = PBXFileReference; lastKnownFileType = text.plist.xml; path = Info.plist; sourceTree = "<group>"; };
		21FB737F21212E6D0056CB40 /* main.m */ = {isa = PBXFileReference; lastKnownFileType = sourcecode.c.objc; path = main.m; sourceTree = "<group>"; };
		2B1719AE4CABAAA6CBB3BD3F /* libPods-test.a */ = {isa = PBXFileReference; explicitFileType = archive.ar; includeInIndex = 0; path = "libPods-test.a"; sourceTree = BUILT_PRODUCTS_DIR; };
		BA51E42602259BC8E518E774 /* Pods-test.debug.xcconfig */ = {isa = PBXFileReference; includeInIndex = 1; lastKnownFileType = text.xcconfig; name = "Pods-test.debug.xcconfig"; path = "Pods/Target Support Files/Pods-test/Pods-test.debug.xcconfig"; sourceTree = "<group>"; };
		D69E8E1CCEA218A3E231C5C7 /* Pods-test.release.xcconfig */ = {isa = PBXFileReference; includeInIndex = 1; lastKnownFileType = text.xcconfig; name = "Pods-test.release.xcconfig"; path = "Pods/Target Support Files/Pods-test/Pods-test.release.xcconfig"; sourceTree = "<group>"; };
/* End PBXFileReference section */

/* Begin PBXFrameworksBuildPhase section */
		21FB736A21212E6C0056CB40 /* Frameworks */ = {
			isa = PBXFrameworksBuildPhase;
			buildActionMask = 2147483647;
			files = (
				36BE3E3C42434F0EA074DD4C /* libPods-test.a in Frameworks */,
			);
			runOnlyForDeploymentPostprocessing = 0;
		};
/* End PBXFrameworksBuildPhase section */

/* Begin PBXGroup section */
		21A7EB9B21240D0C004A6CB7 /* 蘑菇街方案 */ = {
			isa = PBXGroup;
			children = (
				21A7EB9C21240D0C004A6CB7 /* MGJDetailModule.h */,
				21A7EB9D21240D0C004A6CB7 /* MGJDetailModule.m */,
			);
			path = "蘑菇街方案";
			sourceTree = "<group>";
		};
		21A7EB9E21240D0C004A6CB7 /* 反革命方案 */ = {
			isa = PBXGroup;
			children = (
				21A7EB9F21240D0C004A6CB7 /* testModule */,
				21A7EBA221240D0C004A6CB7 /* testAction */,
			);
			path = "反革命方案";
			sourceTree = "<group>";
		};
		21A7EB9F21240D0C004A6CB7 /* testModule */ = {
			isa = PBXGroup;
			children = (
				21A7EBA021240D0C004A6CB7 /* CTMediator+Home.h */,
				21A7EBA121240D0C004A6CB7 /* CTMediator+Home.m */,
			);
			path = testModule;
			sourceTree = "<group>";
		};
		21A7EBA221240D0C004A6CB7 /* testAction */ = {
			isa = PBXGroup;
			children = (
				21A7EBA321240D0C004A6CB7 /* Target_HomeAction.h */,
				21A7EBA421240D0C004A6CB7 /* Target_HomeAction.m */,
			);
			path = testAction;
			sourceTree = "<group>";
		};
		21FB736421212E6C0056CB40 = {
			isa = PBXGroup;
			children = (
				21FB736F21212E6C0056CB40 /* test */,
				21FB736E21212E6C0056CB40 /* Products */,
				A43AABF176CCF20C29D9BD0C /* Pods */,
				A04813E7D96073F6994622AD /* Frameworks */,
			);
			sourceTree = "<group>";
		};
		21FB736E21212E6C0056CB40 /* Products */ = {
			isa = PBXGroup;
			children = (
				21FB736D21212E6C0056CB40 /* test.app */,
			);
			name = Products;
			sourceTree = "<group>";
		};
		21FB736F21212E6C0056CB40 /* test */ = {
			isa = PBXGroup;
			children = (
				21A7EB9E21240D0C004A6CB7 /* 反革命方案 */,
				21A7EB9B21240D0C004A6CB7 /* 蘑菇街方案 */,
				21FB737021212E6C0056CB40 /* AppDelegate.h */,
				21FB737121212E6C0056CB40 /* AppDelegate.m */,
				21FB737321212E6C0056CB40 /* ViewController.h */,
				21FB737421212E6C0056CB40 /* ViewController.m */,
				21A7EB8C21240219004A6CB7 /* DetailViewController.h */,
				21A7EB8D21240219004A6CB7 /* DetailViewController.m */,
				21FB737621212E6C0056CB40 /* Main.storyboard */,
				21FB737921212E6D0056CB40 /* Assets.xcassets */,
				21FB737B21212E6D0056CB40 /* LaunchScreen.storyboard */,
				21FB737E21212E6D0056CB40 /* Info.plist */,
				21FB737F21212E6D0056CB40 /* main.m */,
			);
			path = test;
			sourceTree = "<group>";
		};
		A04813E7D96073F6994622AD /* Frameworks */ = {
			isa = PBXGroup;
			children = (
				2B1719AE4CABAAA6CBB3BD3F /* libPods-test.a */,
			);
			name = Frameworks;
			sourceTree = "<group>";
		};
		A43AABF176CCF20C29D9BD0C /* Pods */ = {
			isa = PBXGroup;
			children = (
				BA51E42602259BC8E518E774 /* Pods-test.debug.xcconfig */,
				D69E8E1CCEA218A3E231C5C7 /* Pods-test.release.xcconfig */,
			);
			name = Pods;
			sourceTree = "<group>";
		};
/* End PBXGroup section */

/* Begin PBXNativeTarget section */
		21FB736C21212E6C0056CB40 /* test */ = {
			isa = PBXNativeTarget;
			buildConfigurationList = 21FB738321212E6D0056CB40 /* Build configuration list for PBXNativeTarget "test" */;
			buildPhases = (
				6C4D3C0AB2A2AFECDF1DF87E /* [CP] Check Pods Manifest.lock */,
				21FB736921212E6C0056CB40 /* Sources */,
				21FB736A21212E6C0056CB40 /* Frameworks */,
				21FB736B21212E6C0056CB40 /* Resources */,
			);
			buildRules = (
			);
			dependencies = (
			);
			name = test;
			productName = test;
			productReference = 21FB736D21212E6C0056CB40 /* test.app */;
			productType = "com.apple.product-type.application";
		};
/* End PBXNativeTarget section */

/* Begin PBXProject section */
		21FB736521212E6C0056CB40 /* Project object */ = {
			isa = PBXProject;
			attributes = {
				LastUpgradeCheck = 0940;
				ORGANIZATIONNAME = grx;
				TargetAttributes = {
					21FB736C21212E6C0056CB40 = {
						CreatedOnToolsVersion = 9.4.1;
					};
				};
			};
			buildConfigurationList = 21FB736821212E6C0056CB40 /* Build configuration list for PBXProject "test" */;
			compatibilityVersion = "Xcode 9.3";
			developmentRegion = en;
			hasScannedForEncodings = 0;
			knownRegions = (
				en,
				Base,
			);
			mainGroup = 21FB736421212E6C0056CB40;
			productRefGroup = 21FB736E21212E6C0056CB40 /* Products */;
			projectDirPath = "";
			projectRoot = "";
			targets = (
				21FB736C21212E6C0056CB40 /* test */,
			);
		};
/* End PBXProject section */

/* Begin PBXResourcesBuildPhase section */
		21FB736B21212E6C0056CB40 /* Resources */ = {
			isa = PBXResourcesBuildPhase;
			buildActionMask = 2147483647;
			files = (
				21FB737D21212E6D0056CB40 /* LaunchScreen.storyboard in Resources */,
				21FB737A21212E6D0056CB40 /* Assets.xcassets in Resources */,
				21FB737821212E6C0056CB40 /* Main.storyboard in Resources */,
			);
			runOnlyForDeploymentPostprocessing = 0;
		};
/* End PBXResourcesBuildPhase section */

/* Begin PBXShellScriptBuildPhase section */
		6C4D3C0AB2A2AFECDF1DF87E /* [CP] Check Pods Manifest.lock */ = {
			isa = PBXShellScriptBuildPhase;
			buildActionMask = 2147483647;
			files = (
			);
			inputPaths = (
				"${PODS_PODFILE_DIR_PATH}/Podfile.lock",
				"${PODS_ROOT}/Manifest.lock",
			);
			name = "[CP] Check Pods Manifest.lock";
			outputPaths = (
				"$(DERIVED_FILE_DIR)/Pods-test-checkManifestLockResult.txt",
			);
			runOnlyForDeploymentPostprocessing = 0;
			shellPath = /bin/sh;
			shellScript = "diff \"${PODS_PODFILE_DIR_PATH}/Podfile.lock\" \"${PODS_ROOT}/Manifest.lock\" > /dev/null\nif [ $? != 0 ] ; then\n    # print error to STDERR\n    echo \"error: The sandbox is not in sync with the Podfile.lock. Run 'pod install' or update your CocoaPods installation.\" >&2\n    exit 1\nfi\n# This output is used by Xcode 'outputs' to avoid re-running this script phase.\necho \"SUCCESS\" > \"${SCRIPT_OUTPUT_FILE_0}\"\n";
			showEnvVarsInLog = 0;
		};
/* End PBXShellScriptBuildPhase section */

/* Begin PBXSourcesBuildPhase section */
		21FB736921212E6C0056CB40 /* Sources */ = {
			isa = PBXSourcesBuildPhase;
			buildActionMask = 2147483647;
			files = (
				21A7EBA621240D0C004A6CB7 /* CTMediator+Home.m in Sources */,
				21A7EBA521240D0C004A6CB7 /* MGJDetailModule.m in Sources */,
				21A7EBA721240D0C004A6CB7 /* Target_HomeAction.m in Sources */,
				21FB737521212E6C0056CB40 /* ViewController.m in Sources */,
				21FB738021212E6D0056CB40 /* main.m in Sources */,
				21FB737221212E6C0056CB40 /* AppDelegate.m in Sources */,
				21A7EB8E21240219004A6CB7 /* DetailViewController.m in Sources */,
			);
			runOnlyForDeploymentPostprocessing = 0;
		};
/* End PBXSourcesBuildPhase section */

/* Begin PBXVariantGroup section */
		21FB737621212E6C0056CB40 /* Main.storyboard */ = {
			isa = PBXVariantGroup;
			children = (
				21FB737721212E6C0056CB40 /* Base */,
			);
			name = Main.storyboard;
			sourceTree = "<group>";
		};
		21FB737B21212E6D0056CB40 /* LaunchScreen.storyboard */ = {
			isa = PBXVariantGroup;
			children = (
				21FB737C21212E6D0056CB40 /* Base */,
			);
			name = LaunchScreen.storyboard;
			sourceTree = "<group>";
		};
/* End PBXVariantGroup section */

/* Begin XCBuildConfiguration section */
		21FB738121212E6D0056CB40 /* Debug */ = {
			isa = XCBuildConfiguration;
			buildSettings = {
				ALWAYS_SEARCH_USER_PATHS = NO;
				CLANG_ANALYZER_NONNULL = YES;
				CLANG_ANALYZER_NUMBER_OBJECT_CONVERSION = YES_AGGRESSIVE;
				CLANG_CXX_LANGUAGE_STANDARD = "gnu++14";
				CLANG_CXX_LIBRARY = "libc++";
				CLANG_ENABLE_MODULES = YES;
				CLANG_ENABLE_OBJC_ARC = YES;
				CLANG_ENABLE_OBJC_WEAK = YES;
				CLANG_WARN_BLOCK_CAPTURE_AUTORELEASING = YES;
				CLANG_WARN_BOOL_CONVERSION = YES;
				CLANG_WARN_COMMA = YES;
				CLANG_WARN_CONSTANT_CONVERSION = YES;
				CLANG_WARN_DEPRECATED_OBJC_IMPLEMENTATIONS = YES;
				CLANG_WARN_DIRECT_OBJC_ISA_USAGE = YES_ERROR;
				CLANG_WARN_DOCUMENTATION_COMMENTS = YES;
				CLANG_WARN_EMPTY_BODY = YES;
				CLANG_WARN_ENUM_CONVERSION = YES;
				CLANG_WARN_INFINITE_RECURSION = YES;
				CLANG_WARN_INT_CONVERSION = YES;
				CLANG_WARN_NON_LITERAL_NULL_CONVERSION = YES;
				CLANG_WARN_OBJC_IMPLICIT_RETAIN_SELF = YES;
				CLANG_WARN_OBJC_LITERAL_CONVERSION = YES;
				CLANG_WARN_OBJC_ROOT_CLASS = YES_ERROR;
				CLANG_WARN_RANGE_LOOP_ANALYSIS = YES;
				CLANG_WARN_STRICT_PROTOTYPES = YES;
				CLANG_WARN_SUSPICIOUS_MOVE = YES;
				CLANG_WARN_UNGUARDED_AVAILABILITY = YES_AGGRESSIVE;
				CLANG_WARN_UNREACHABLE_CODE = YES;
				CLANG_WARN__DUPLICATE_METHOD_MATCH = YES;
				CODE_SIGN_IDENTITY = "iPhone Developer";
				COPY_PHASE_STRIP = NO;
				DEBUG_INFORMATION_FORMAT = dwarf;
				ENABLE_STRICT_OBJC_MSGSEND = YES;
				ENABLE_TESTABILITY = YES;
				GCC_C_LANGUAGE_STANDARD = gnu11;
				GCC_DYNAMIC_NO_PIC = NO;
				GCC_NO_COMMON_BLOCKS = YES;
				GCC_OPTIMIZATION_LEVEL = 0;
				GCC_PREPROCESSOR_DEFINITIONS = (
					"DEBUG=1",
					"$(inherited)",
				);
				GCC_WARN_64_TO_32_BIT_CONVERSION = YES;
				GCC_WARN_ABOUT_RETURN_TYPE = YES_ERROR;
				GCC_WARN_UNDECLARED_SELECTOR = YES;
				GCC_WARN_UNINITIALIZED_AUTOS = YES_AGGRESSIVE;
				GCC_WARN_UNUSED_FUNCTION = YES;
				GCC_WARN_UNUSED_VARIABLE = YES;
				IPHONEOS_DEPLOYMENT_TARGET = 11.4;
				MTL_ENABLE_DEBUG_INFO = YES;
				ONLY_ACTIVE_ARCH = YES;
				SDKROOT = iphoneos;
			};
			name = Debug;
		};
		21FB738221212E6D0056CB40 /* Release */ = {
			isa = XCBuildConfiguration;
			buildSettings = {
				ALWAYS_SEARCH_USER_PATHS = NO;
				CLANG_ANALYZER_NONNULL = YES;
				CLANG_ANALYZER_NUMBER_OBJECT_CONVERSION = YES_AGGRESSIVE;
				CLANG_CXX_LANGUAGE_STANDARD = "gnu++14";
				CLANG_CXX_LIBRARY = "libc++";
				CLANG_ENABLE_MODULES = YES;
				CLANG_ENABLE_OBJC_ARC = YES;
				CLANG_ENABLE_OBJC_WEAK = YES;
				CLANG_WARN_BLOCK_CAPTURE_AUTORELEASING = YES;
				CLANG_WARN_BOOL_CONVERSION = YES;
				CLANG_WARN_COMMA = YES;
				CLANG_WARN_CONSTANT_CONVERSION = YES;
				CLANG_WARN_DEPRECATED_OBJC_IMPLEMENTATIONS = YES;
				CLANG_WARN_DIRECT_OBJC_ISA_USAGE = YES_ERROR;
				CLANG_WARN_DOCUMENTATION_COMMENTS = YES;
				CLANG_WARN_EMPTY_BODY = YES;
				CLANG_WARN_ENUM_CONVERSION = YES;
				CLANG_WARN_INFINITE_RECURSION = YES;
				CLANG_WARN_INT_CONVERSION = YES;
				CLANG_WARN_NON_LITERAL_NULL_CONVERSION = YES;
				CLANG_WARN_OBJC_IMPLICIT_RETAIN_SELF = YES;
				CLANG_WARN_OBJC_LITERAL_CONVERSION = YES;
				CLANG_WARN_OBJC_ROOT_CLASS = YES_ERROR;
				CLANG_WARN_RANGE_LOOP_ANALYSIS = YES;
				CLANG_WARN_STRICT_PROTOTYPES = YES;
				CLANG_WARN_SUSPICIOUS_MOVE = YES;
				CLANG_WARN_UNGUARDED_AVAILABILITY = YES_AGGRESSIVE;
				CLANG_WARN_UNREACHABLE_CODE = YES;
				CLANG_WARN__DUPLICATE_METHOD_MATCH = YES;
				CODE_SIGN_IDENTITY = "iPhone Developer";
				COPY_PHASE_STRIP = NO;
				DEBUG_INFORMATION_FORMAT = "dwarf-with-dsym";
				ENABLE_NS_ASSERTIONS = NO;
				ENABLE_STRICT_OBJC_MSGSEND = YES;
				GCC_C_LANGUAGE_STANDARD = gnu11;
				GCC_NO_COMMON_BLOCKS = YES;
				GCC_WARN_64_TO_32_BIT_CONVERSION = YES;
				GCC_WARN_ABOUT_RETURN_TYPE = YES_ERROR;
				GCC_WARN_UNDECLARED_SELECTOR = YES;
				GCC_WARN_UNINITIALIZED_AUTOS = YES_AGGRESSIVE;
				GCC_WARN_UNUSED_FUNCTION = YES;
				GCC_WARN_UNUSED_VARIABLE = YES;
				IPHONEOS_DEPLOYMENT_TARGET = 11.4;
				MTL_ENABLE_DEBUG_INFO = NO;
				SDKROOT = iphoneos;
				VALIDATE_PRODUCT = YES;
			};
			name = Release;
		};
		21FB738421212E6D0056CB40 /* Debug */ = {
			isa = XCBuildConfiguration;
			baseConfigurationReference = BA51E42602259BC8E518E774 /* Pods-test.debug.xcconfig */;
			buildSettings = {
				ASSETCATALOG_COMPILER_APPICON_NAME = AppIcon;
				CODE_SIGN_STYLE = Automatic;
				DEVELOPMENT_TEAM = 35HG47YK45;
				INFOPLIST_FILE = test/Info.plist;
				LD_RUNPATH_SEARCH_PATHS = (
					"$(inherited)",
					"@executable_path/Frameworks",
				);
				PRODUCT_BUNDLE_IDENTIFIER = com.fh.test;
				PRODUCT_NAME = "$(TARGET_NAME)";
				TARGETED_DEVICE_FAMILY = "1,2";
			};
			name = Debug;
		};
		21FB738521212E6D0056CB40 /* Release */ = {
			isa = XCBuildConfiguration;
			baseConfigurationReference = D69E8E1CCEA218A3E231C5C7 /* Pods-test.release.xcconfig */;
			buildSettings = {
				ASSETCATALOG_COMPILER_APPICON_NAME = AppIcon;
				CODE_SIGN_STYLE = Automatic;
				DEVELOPMENT_TEAM = 35HG47YK45;
				INFOPLIST_FILE = test/Info.plist;
				LD_RUNPATH_SEARCH_PATHS = (
					"$(inherited)",
					"@executable_path/Frameworks",
				);
				PRODUCT_BUNDLE_IDENTIFIER = com.fh.test;
				PRODUCT_NAME = "$(TARGET_NAME)";
				TARGETED_DEVICE_FAMILY = "1,2";
			};
			name = Release;
		};
/* End XCBuildConfiguration section */

/* Begin XCConfigurationList section */
		21FB736821212E6C0056CB40 /* Build configuration list for PBXProject "test" */ = {
			isa = XCConfigurationList;
			buildConfigurations = (
				21FB738121212E6D0056CB40 /* Debug */,
				21FB738221212E6D0056CB40 /* Release */,
			);
			defaultConfigurationIsVisible = 0;
			defaultConfigurationName = Release;
		};
		21FB738321212E6D0056CB40 /* Build configuration list for PBXNativeTarget "test" */ = {
			isa = XCConfigurationList;
			buildConfigurations = (
				21FB738421212E6D0056CB40 /* Debug */,
				21FB738521212E6D0056CB40 /* Release */,
			);
			defaultConfigurationIsVisible = 0;
			defaultConfigurationName = Release;
		};
/* End XCConfigurationList section */
	};
	rootObject = 21FB736521212E6C0056CB40 /* Project object */;
}
